
Microsoft Visual Studio Solution File, Format Version 12.00
# Visual Studio Version 17
VisualStudioVersion = 17.5.33516.290
MinimumVisualStudioVersion = 10.0.40219.1
Project("{FAE04EC0-301F-11D3-BF4B-00C04F79EFBC}") = "P013WebSite", "P013WebSite\P013WebSite.csproj", "{998DE108-DC5C-448B-A5D9-1CAB3A30529E}"
EndProject
Global
	GlobalSection(SolutionConfigurationPlatforms) = preSolution
		Debug|Any CPU = Debug|Any CPU
		Release|Any CPU = Release|Any CPU
	EndGlobalSection
	GlobalSection(ProjectConfigurationPlatforms) = postSolution
		{998DE108-DC5C-448B-A5D9-1CAB3A30529E}.Debug|Any CPU.ActiveCfg = Debug|Any CPU
		{998DE108-DC5C-448B-A5D9-1CAB3A30529E}.Debug|Any CPU.Build.0 = Debug|Any CPU
		{998DE108-DC5C-448B-A5D9-1CAB3A30529E}.Release|Any CPU.ActiveCfg = Release|Any CPU
		{998DE108-DC5C-448B-A5D9-1CAB3A30529E}.Release|Any CPU.Build.0 = Release|Any CPU
	EndGlobalSection
	GlobalSection(SolutionProperties) = preSolution
		HideSolutionNode = FALSE
	EndGlobalSection
	GlobalSection(ExtensibilityGlobals) = postSolution
		SolutionGuid = {1CF29132-DFF7-4C88-8B24-474CCC561476}
	EndGlobalSection
EndGlobal
